
Microsoft Visual Studio Solution File, Format Version 12.00
# Visual Studio Version 17
VisualStudioVersion = 17.7.34024.191
MinimumVisualStudioVersion = 10.0.40219.1
Project("{9A19103F-16F7-4668-BE54-9A1E7A4F7556}") = "LaloLibrary", "LaloSourceCode\LaloLibrary.csproj", "{6C0E3ACE-4B15-4015-A017-3516DFAD48FB}"
EndProject
Project("{9A19103F-16F7-4668-BE54-9A1E7A4F7556}") = "xLaloTest", "xLaloLibraryTesting\xLaloTest.csproj", "{D76D4C83-405C-465E-B9AE-F387820867CC}"
EndProject
Global
	GlobalSection(SolutionConfigurationPlatforms) = preSolution
		Debug|Any CPU = Debug|Any CPU
		Release|Any CPU = Release|Any CPU
	EndGlobalSection
	GlobalSection(ProjectConfigurationPlatforms) = postSolution
		{6C0E3ACE-4B15-4015-A017-3516DFAD48FB}.Debug|Any CPU.ActiveCfg = Debug|Any CPU
		{6C0E3ACE-4B15-4015-A017-3516DFAD48FB}.Debug|Any CPU.Build.0 = Debug|Any CPU
		{6C0E3ACE-4B15-4015-A017-3516DFAD48FB}.Release|Any CPU.ActiveCfg = Release|Any CPU
		{6C0E3ACE-4B15-4015-A017-3516DFAD48FB}.Release|Any CPU.Build.0 = Release|Any CPU
		{D76D4C83-405C-465E-B9AE-F387820867CC}.Debug|Any CPU.ActiveCfg = Debug|Any CPU
		{D76D4C83-405C-465E-B9AE-F387820867CC}.Debug|Any CPU.Build.0 = Debug|Any CPU
		{D76D4C83-405C-465E-B9AE-F387820867CC}.Release|Any CPU.ActiveCfg = Release|Any CPU
		{D76D4C83-405C-465E-B9AE-F387820867CC}.Release|Any CPU.Build.0 = Release|Any CPU
	EndGlobalSection
	GlobalSection(SolutionProperties) = preSolution
		HideSolutionNode = FALSE
	EndGlobalSection
	GlobalSection(ExtensibilityGlobals) = postSolution
		SolutionGuid = {85CB780F-3267-46BF-A407-3507DB616B85}
	EndGlobalSection
EndGlobal
